schema: '2.0'
stages:
  data_ingestion:
    cmd: python src/cnnClassifier/pipeline/stage_01_data_ingestion.py
    deps:
    - path: config/config.yaml
      hash: md5
      md5: 54521aa5918788f350149ca4f938284a
      size: 584
    - path: src/cnnClassifier/pipeline/stage_01_data_ingestion.py
      hash: md5
      md5: 9f9bde1af8178dc627ef51528f54d463
      size: 953
    outs:
    - path: artifacts/data_ingestion/kidney_disease_img_dataset
      hash: md5
      md5: b5197df45c47bb3cfef975f2da792eee.dir
      size: 139077898
      nfiles: 1000
  prepare_base_model:
    cmd: python src/cnnClassifier/pipeline/stage_02_prepare_base_model.py
    deps:
    - path: config/config.yaml
      hash: md5
      md5: 54521aa5918788f350149ca4f938284a
      size: 584
    - path: src/cnnClassifier/pipeline/stage_02_prepare_base_model.py
      hash: md5
      md5: fa2befdb407766fb59fa2a6002c7c12f
      size: 990
    params:
      params.yaml:
        CLASSES: 2
        IMAGE_SIZE:
        - 224
        - 224
        - 3
        INCLUDE_TOP: false
        LEARNING_RATE: 0.001
        WEIGHTS: imagenet
    outs:
    - path: artifacts/prepare_base_model
      hash: md5
      md5: 9a5f85e996093ce94bab6f9da42eca41.dir
      size: 118054560
      nfiles: 2
  training:
    cmd: python src/cnnClassifier/pipeline/stage_03_model_training.py
    deps:
    - path: artifacts/data_ingestion/kidney_disease_img_dataset
      hash: md5
      md5: b5197df45c47bb3cfef975f2da792eee.dir
      size: 139077898
      nfiles: 1000
    - path: artifacts/prepare_base_model
      hash: md5
      md5: 9a5f85e996093ce94bab6f9da42eca41.dir
      size: 118054560
      nfiles: 2
    - path: config/config.yaml
      hash: md5
      md5: 54521aa5918788f350149ca4f938284a
      size: 584
    - path: src/cnnClassifier/pipeline/stage_03_model_training.py
      hash: md5
      md5: 7b3ec2dcfca0eaf98d5e8c08a76d8848
      size: 911
    params:
      params.yaml:
        AUGMENTATION: true
        BATCH_SIZE: 16
        EPOCHS: 10
        IMAGE_SIZE:
        - 224
        - 224
        - 3
    outs:
    - path: artifacts/training/model.h5
      hash: md5
      md5: 9a23361e868173395785e6dad7e532b1
      size: 59337520
  evaluation:
    cmd: python src/cnnClassifier/pipeline/stage_04_model_evaluation.py
    deps:
    - path: artifacts/data_ingestion/kidney_disease_img_dataset
      hash: md5
      md5: b5197df45c47bb3cfef975f2da792eee.dir
      size: 139077898
      nfiles: 1000
    - path: artifacts/training/model.h5
      hash: md5
      md5: 9a23361e868173395785e6dad7e532b1
      size: 59337520
    - path: config/config.yaml
      hash: md5
      md5: 54521aa5918788f350149ca4f938284a
      size: 584
    - path: src/cnnClassifier/pipeline/stage_04_model_evaluation.py
      hash: md5
      md5: a7c03792ec1f29a744dfeba798c44353
      size: 928
    params:
      params.yaml:
        BATCH_SIZE: 16
        IMAGE_SIZE:
        - 224
        - 224
        - 3
    outs:
    - path: scores.json
      hash: md5
      md5: 0d1f1b89b7b46d2e07a8f530304e4913
      size: 74
